
Microsoft Visual Studio Solution File, Format Version 12.00
# Visual Studio Version 17
VisualStudioVersion = 17.8.34322.80
MinimumVisualStudioVersion = 10.0.40219.1
Project("{FAE04EC0-301F-11D3-BF4B-00C04F79EFBC}") = "BlazorAppTest", "BlazorAppTest\BlazorAppTest\BlazorAppTest.csproj", "{1C7CD269-79F9-425A-9355-F5F371B33379}"
EndProject
Project("{FAE04EC0-301F-11D3-BF4B-00C04F79EFBC}") = "BlazorAppTest.Client", "BlazorAppTest\BlazorAppTest.Client\BlazorAppTest.Client.csproj", "{506B9D45-C056-4146-97EA-6F4DD6E7B72C}"
EndProject
Global
	GlobalSection(SolutionConfigurationPlatforms) = preSolution
		Debug|Any CPU = Debug|Any CPU
		Release|Any CPU = Release|Any CPU
	EndGlobalSection
	GlobalSection(ProjectConfigurationPlatforms) = postSolution
		{1C7CD269-79F9-425A-9355-F5F371B33379}.Debug|Any CPU.ActiveCfg = Debug|Any CPU
		{1C7CD269-79F9-425A-9355-F5F371B33379}.Debug|Any CPU.Build.0 = Debug|Any CPU
		{1C7CD269-79F9-425A-9355-F5F371B33379}.Release|Any CPU.ActiveCfg = Release|Any CPU
		{1C7CD269-79F9-425A-9355-F5F371B33379}.Release|Any CPU.Build.0 = Release|Any CPU
		{506B9D45-C056-4146-97EA-6F4DD6E7B72C}.Debug|Any CPU.ActiveCfg = Debug|Any CPU
		{506B9D45-C056-4146-97EA-6F4DD6E7B72C}.Debug|Any CPU.Build.0 = Debug|Any CPU
		{506B9D45-C056-4146-97EA-6F4DD6E7B72C}.Release|Any CPU.ActiveCfg = Release|Any CPU
		{506B9D45-C056-4146-97EA-6F4DD6E7B72C}.Release|Any CPU.Build.0 = Release|Any CPU
	EndGlobalSection
	GlobalSection(SolutionProperties) = preSolution
		HideSolutionNode = FALSE
	EndGlobalSection
	GlobalSection(ExtensibilityGlobals) = postSolution
		SolutionGuid = {AC3AC2B0-725D-421F-8C49-CF49DC50F04B}
	EndGlobalSection
EndGlobal
